
Microsoft Visual Studio Solution File, Format Version 12.00
# Visual Studio Version 16
VisualStudioVersion = 16.0.29102.190
MinimumVisualStudioVersion = 10.0.40219.1
Project("{FAE04EC0-301F-11D3-BF4B-00C04F79EFBC}") = "2019.Day1-RocketEquation", "2019.Day1-RocketEquation\2019.Day1-RocketEquation.csproj", "{603A96C8-30A2-452B-B029-02CD5AADD370}"
EndProject
Project("{FAE04EC0-301F-11D3-BF4B-00C04F79EFBC}") = "RocketEquationTests", "RocketEquationTests\RocketEquationTests.csproj", "{37BD5796-3844-48E1-87D5-FF2DFFE38CBC}"
EndProject
Global
	GlobalSection(SolutionConfigurationPlatforms) = preSolution
		Debug|Any CPU = Debug|Any CPU
		Release|Any CPU = Release|Any CPU
	EndGlobalSection
	GlobalSection(ProjectConfigurationPlatforms) = postSolution
		{603A96C8-30A2-452B-B029-02CD5AADD370}.Debug|Any CPU.ActiveCfg = Debug|Any CPU
		{603A96C8-30A2-452B-B029-02CD5AADD370}.Debug|Any CPU.Build.0 = Debug|Any CPU
		{603A96C8-30A2-452B-B029-02CD5AADD370}.Release|Any CPU.ActiveCfg = Release|Any CPU
		{603A96C8-30A2-452B-B029-02CD5AADD370}.Release|Any CPU.Build.0 = Release|Any CPU
		{37BD5796-3844-48E1-87D5-FF2DFFE38CBC}.Debug|Any CPU.ActiveCfg = Debug|Any CPU
		{37BD5796-3844-48E1-87D5-FF2DFFE38CBC}.Debug|Any CPU.Build.0 = Debug|Any CPU
		{37BD5796-3844-48E1-87D5-FF2DFFE38CBC}.Release|Any CPU.ActiveCfg = Release|Any CPU
		{37BD5796-3844-48E1-87D5-FF2DFFE38CBC}.Release|Any CPU.Build.0 = Release|Any CPU
	EndGlobalSection
	GlobalSection(SolutionProperties) = preSolution
		HideSolutionNode = FALSE
	EndGlobalSection
	GlobalSection(ExtensibilityGlobals) = postSolution
		SolutionGuid = {3396DA56-B1DF-4D21-A6AF-CF7BC10791AE}
	EndGlobalSection
EndGlobal
